PODS:
  - ConfigKit (1.2.3):
    - FCFileManager (~> 1.0.18)
  - FCFileManager (1.0.18)

DEPENDENCIES:
  - ConfigKit (from `../`)

EXTERNAL SOURCES:
  ConfigKit:
    :path: ../

SPEC CHECKSUMS:
  ConfigKit: 89b25af871fa20b4b42b2cb5c9cb6d913dbcafb9
  FCFileManager: 3d13576da1f709d37460bd7669cdf07b9d6d8bc3

PODFILE CHECKSUM: 2c5a103909e093b5bd00ca800e67b9863d50f549

COCOAPODS: 1.1.1
