PODS:
  - FCFileManager (1.0.18)
  - LYConfigKit (1.2.13):
    - FCFileManager (~> 1.0.18)

DEPENDENCIES:
  - LYConfigKit (from `../`)

SPEC REPOS:
  https://github.com/cocoapods/specs.git:
    - FCFileManager

EXTERNAL SOURCES:
  LYConfigKit:
    :path: "../"

SPEC CHECKSUMS:
  FCFileManager: 3d13576da1f709d37460bd7669cdf07b9d6d8bc3
  LYConfigKit: cded21961767fb341cdcd2d9d0d1c984c836ccea

PODFILE CHECKSUM: 7bab8d17952204c5fd204d241c137d12f318032c

COCOAPODS: 1.5.3
