PODS:
  - ConfigKit (1.2.4):
    - FCFileManager (~> 1.0.18)
  - FCFileManager (1.0.18)

DEPENDENCIES:
  - ConfigKit (from `../`)

EXTERNAL SOURCES:
  ConfigKit:
    :path: ../

SPEC CHECKSUMS:
  ConfigKit: 5deaf5e3ff4df993040f6f526d9f6845d5392fd2
  FCFileManager: 3d13576da1f709d37460bd7669cdf07b9d6d8bc3

PODFILE CHECKSUM: dd7666b4175cde7c4c3dec38c725aa4d1b1cfaee

COCOAPODS: 1.1.1
